// !$*UTF8*$!
{
	archiveVersion = 1;
	classes = {
	};
	objectVersion = 46;
	objects = {

/* Begin PBXBuildFile section */
		9F79354818A5E322001C8901 /* Foundation.framework in Frameworks */ = {isa = PBXBuildFile; fileRef = 9F79354718A5E322001C8901 /* Foundation.framework */; };
		9F79354A18A5E322001C8901 /* CoreGraphics.framework in Frameworks */ = {isa = PBXBuildFile; fileRef = 9F79354918A5E322001C8901 /* CoreGraphics.framework */; };
		9F79354C18A5E322001C8901 /* UIKit.framework in Frameworks */ = {isa = PBXBuildFile; fileRef = 9F79354B18A5E322001C8901 /* UIKit.framework */; };
		9F79355218A5E322001C8901 /* InfoPlist.strings in Resources */ = {isa = PBXBuildFile; fileRef = 9F79355018A5E322001C8901 /* InfoPlist.strings */; };
		9F79355418A5E322001C8901 /* main.m in Sources */ = {isa = PBXBuildFile; fileRef = 9F79355318A5E322001C8901 /* main.m */; };
		9F79355818A5E322001C8901 /* AppDelegate.m in Sources */ = {isa = PBXBuildFile; fileRef = 9F79355718A5E322001C8901 /* AppDelegate.m */; };
		9F79355E18A5E322001C8901 /* ViewController.m in Sources */ = {isa = PBXBuildFile; fileRef = 9F79355D18A5E322001C8901 /* ViewController.m */; };
		9F79356018A5E322001C8901 /* Images.xcassets in Resources */ = {isa = PBXBuildFile; fileRef = 9F79355F18A5E322001C8901 /* Images.xcassets */; };
		9F79357E18A5E46E001C8901 /* MainView.m in Sources */ = {isa = PBXBuildFile; fileRef = 9F79357D18A5E46E001C8901 /* MainView.m */; };
		9F79358418A5E541001C8901 /* GoogleMaps.framework in Frameworks */ = {isa = PBXBuildFile; fileRef = 9F79358318A5E541001C8901 /* GoogleMaps.framework */; };
		9F79358618A5E57C001C8901 /* GoogleMaps.bundle in Resources */ = {isa = PBXBuildFile; fileRef = 9F79358518A5E57C001C8901 /* GoogleMaps.bundle */; };
		9F79358818A5E5F7001C8901 /* AVFoundation.framework in Frameworks */ = {isa = PBXBuildFile; fileRef = 9F79358718A5E5F7001C8901 /* AVFoundation.framework */; };
		9F79358A18A5E5FE001C8901 /* CoreData.framework in Frameworks */ = {isa = PBXBuildFile; fileRef = 9F79358918A5E5FE001C8901 /* CoreData.framework */; };
		9F79358C18A5E604001C8901 /* CoreLocation.framework in Frameworks */ = {isa = PBXBuildFile; fileRef = 9F79358B18A5E604001C8901 /* CoreLocation.framework */; };
		9F79358E18A5E60A001C8901 /* CoreText.framework in Frameworks */ = {isa = PBXBuildFile; fileRef = 9F79358D18A5E60A001C8901 /* CoreText.framework */; };
		9F79359018A5E610001C8901 /* GLKit.framework in Frameworks */ = {isa = PBXBuildFile; fileRef = 9F79358F18A5E610001C8901 /* GLKit.framework */; };
		9F79359218A5E619001C8901 /* ImageIO.framework in Frameworks */ = {isa = PBXBuildFile; fileRef = 9F79359118A5E619001C8901 /* ImageIO.framework */; };
		9F79359418A5E61E001C8901 /* libc++.dylib in Frameworks */ = {isa = PBXBuildFile; fileRef = 9F79359318A5E61E001C8901 /* libc++.dylib */; };
		9F79359618A5E624001C8901 /* libicucore.dylib in Frameworks */ = {isa = PBXBuildFile; fileRef = 9F79359518A5E624001C8901 /* libicucore.dylib */; };
		9F79359818A5E62B001C8901 /* libz.dylib in Frameworks */ = {isa = PBXBuildFile; fileRef = 9F79359718A5E62A001C8901 /* libz.dylib */; };
		9F79359A18A5E630001C8901 /* OpenGLES.framework in Frameworks */ = {isa = PBXBuildFile; fileRef = 9F79359918A5E630001C8901 /* OpenGLES.framework */; };
		9F79359C18A5E635001C8901 /* QuartzCore.framework in Frameworks */ = {isa = PBXBuildFile; fileRef = 9F79359B18A5E635001C8901 /* QuartzCore.framework */; };
		9F79359E18A5E63F001C8901 /* SystemConfiguration.framework in Frameworks */ = {isa = PBXBuildFile; fileRef = 9F79359D18A5E63F001C8901 /* SystemConfiguration.framework */; };
/* End PBXBuildFile section */

/* Begin PBXFileReference section */
		9F79354418A5E322001C8901 /* Stone.app */ = {isa = PBXFileReference; explicitFileType = wrapper.application; includeInIndex = 0; path = Stone.app; sourceTree = BUILT_PRODUCTS_DIR; };
		9F79354718A5E322001C8901 /* Foundation.framework */ = {isa = PBXFileReference; lastKnownFileType = wrapper.framework; name = Foundation.framework; path = System/Library/Frameworks/Foundation.framework; sourceTree = SDKROOT; };
		9F79354918A5E322001C8901 /* CoreGraphics.framework */ = {isa = PBXFileReference; lastKnownFileType = wrapper.framework; name = CoreGraphics.framework; path = System/Library/Frameworks/CoreGraphics.framework; sourceTree = SDKROOT; };
		9F79354B18A5E322001C8901 /* UIKit.framework */ = {isa = PBXFileReference; lastKnownFileType = wrapper.framework; name = UIKit.framework; path = System/Library/Frameworks/UIKit.framework; sourceTree = SDKROOT; };
		9F79354F18A5E322001C8901 /* Stone-Info.plist */ = {isa = PBXFileReference; lastKnownFileType = text.plist.xml; path = "Stone-Info.plist"; sourceTree = "<group>"; };
		9F79355118A5E322001C8901 /* en */ = {isa = PBXFileReference; lastKnownFileType = text.plist.strings; name = en; path = en.lproj/InfoPlist.strings; sourceTree = "<group>"; };
		9F79355318A5E322001C8901 /* main.m */ = {isa = PBXFileReference; lastKnownFileType = sourcecode.c.objc; path = main.m; sourceTree = "<group>"; };
		9F79355518A5E322001C8901 /* Stone-Prefix.pch */ = {isa = PBXFileReference; lastKnownFileType = sourcecode.c.h; path = "Stone-Prefix.pch"; sourceTree = "<group>"; };
		9F79355618A5E322001C8901 /* AppDelegate.h */ = {isa = PBXFileReference; lastKnownFileType = sourcecode.c.h; path = AppDelegate.h; sourceTree = "<group>"; };
		9F79355718A5E322001C8901 /* AppDelegate.m */ = {isa = PBXFileReference; lastKnownFileType = sourcecode.c.objc; path = AppDelegate.m; sourceTree = "<group>"; };
		9F79355C18A5E322001C8901 /* ViewController.h */ = {isa = PBXFileReference; lastKnownFileType = sourcecode.c.h; path = ViewController.h; sourceTree = "<group>"; };
		9F79355D18A5E322001C8901 /* ViewController.m */ = {isa = PBXFileReference; lastKnownFileType = sourcecode.c.objc; path = ViewController.m; sourceTree = "<group>"; };
		9F79355F18A5E322001C8901 /* Images.xcassets */ = {isa = PBXFileReference; lastKnownFileType = folder.assetcatalog; path = Images.xcassets; sourceTree = "<group>"; };
		9F79356618A5E322001C8901 /* XCTest.framework */ = {isa = PBXFileReference; lastKnownFileType = wrapper.framework; name = XCTest.framework; path = Library/Frameworks/XCTest.framework; sourceTree = DEVELOPER_DIR; };
		9F79357C18A5E46E001C8901 /* MainView.h */ = {isa = PBXFileReference; fileEncoding = 4; lastKnownFileType = sourcecode.c.h; path = MainView.h; sourceTree = "<group>"; };
		9F79357D18A5E46E001C8901 /* MainView.m */ = {isa = PBXFileReference; fileEncoding = 4; lastKnownFileType = sourcecode.c.objc; path = MainView.m; sourceTree = "<group>"; };
		9F79358318A5E541001C8901 /* GoogleMaps.framework */ = {isa = PBXFileReference; lastKnownFileType = wrapper.framework; path = GoogleMaps.framework; sourceTree = "<group>"; };
		9F79358518A5E57C001C8901 /* GoogleMaps.bundle */ = {isa = PBXFileReference; lastKnownFileType = "wrapper.plug-in"; name = GoogleMaps.bundle; path = GoogleMaps.framework/Versions/A/Resources/GoogleMaps.bundle; sourceTree = "<group>"; };
		9F79358718A5E5F7001C8901 /* AVFoundation.framework */ = {isa = PBXFileReference; lastKnownFileType = wrapper.framework; name = AVFoundation.framework; path = System/Library/Frameworks/AVFoundation.framework; sourceTree = SDKROOT; };
		9F79358918A5E5FE001C8901 /* CoreData.framework */ = {isa = PBXFileReference; lastKnownFileType = wrapper.framework; name = CoreData.framework; path = System/Library/Frameworks/CoreData.framework; sourceTree = SDKROOT; };
		9F79358B18A5E604001C8901 /* CoreLocation.framework */ = {isa = PBXFileReference; lastKnownFileType = wrapper.framework; name = CoreLocation.framework; path = System/Library/Frameworks/CoreLocation.framework; sourceTree = SDKROOT; };
		9F79358D18A5E60A001C8901 /* CoreText.framework */ = {isa = PBXFileReference; lastKnownFileType = wrapper.framework; name = CoreText.framework; path = System/Library/Frameworks/CoreText.framework; sourceTree = SDKROOT; };
		9F79358F18A5E610001C8901 /* GLKit.framework */ = {isa = PBXFileReference; lastKnownFileType = wrapper.framework; name = GLKit.framework; path = System/Library/Frameworks/GLKit.framework; sourceTree = SDKROOT; };
		9F79359118A5E619001C8901 /* ImageIO.framework */ = {isa = PBXFileReference; lastKnownFileType = wrapper.framework; name = ImageIO.framework; path = System/Library/Frameworks/ImageIO.framework; sourceTree = SDKROOT; };
		9F79359318A5E61E001C8901 /* libc++.dylib */ = {isa = PBXFileReference; lastKnownFileType = "compiled.mach-o.dylib"; name = "libc++.dylib"; path = "usr/lib/libc++.dylib"; sourceTree = SDKROOT; };
		9F79359518A5E624001C8901 /* libicucore.dylib */ = {isa = PBXFileReference; lastKnownFileType = "compiled.mach-o.dylib"; name = libicucore.dylib; path = usr/lib/libicucore.dylib; sourceTree = SDKROOT; };
		9F79359718A5E62A001C8901 /* libz.dylib */ = {isa = PBXFileReference; lastKnownFileType = "compiled.mach-o.dylib"; name = libz.dylib; path = usr/lib/libz.dylib; sourceTree = SDKROOT; };
		9F79359918A5E630001C8901 /* OpenGLES.framework */ = {isa = PBXFileReference; lastKnownFileType = wrapper.framework; name = OpenGLES.framework; path = System/Library/Frameworks/OpenGLES.framework; sourceTree = SDKROOT; };
		9F79359B18A5E635001C8901 /* QuartzCore.framework */ = {isa = PBXFileReference; lastKnownFileType = wrapper.framework; name = QuartzCore.framework; path = System/Library/Frameworks/QuartzCore.framework; sourceTree = SDKROOT; };
		9F79359D18A5E63F001C8901 /* SystemConfiguration.framework */ = {isa = PBXFileReference; lastKnownFileType = wrapper.framework; name = SystemConfiguration.framework; path = System/Library/Frameworks/SystemConfiguration.framework; sourceTree = SDKROOT; };
/* End PBXFileReference section */

/* Begin PBXFrameworksBuildPhase section */
		9F79354118A5E322001C8901 /* Frameworks */ = {
			isa = PBXFrameworksBuildPhase;
			buildActionMask = 2147483647;
			files = (
				9F79359E18A5E63F001C8901 /* SystemConfiguration.framework in Frameworks */,
				9F79359C18A5E635001C8901 /* QuartzCore.framework in Frameworks */,
				9F79359A18A5E630001C8901 /* OpenGLES.framework in Frameworks */,
				9F79359818A5E62B001C8901 /* libz.dylib in Frameworks */,
				9F79359618A5E624001C8901 /* libicucore.dylib in Frameworks */,
				9F79359418A5E61E001C8901 /* libc++.dylib in Frameworks */,
				9F79359218A5E619001C8901 /* ImageIO.framework in Frameworks */,
				9F79359018A5E610001C8901 /* GLKit.framework in Frameworks */,
				9F79358E18A5E60A001C8901 /* CoreText.framework in Frameworks */,
				9F79358C18A5E604001C8901 /* CoreLocation.framework in Frameworks */,
				9F79358A18A5E5FE001C8901 /* CoreData.framework in Frameworks */,
				9F79358818A5E5F7001C8901 /* AVFoundation.framework in Frameworks */,
				9F79354A18A5E322001C8901 /* CoreGraphics.framework in Frameworks */,
				9F79354C18A5E322001C8901 /* UIKit.framework in Frameworks */,
				9F79358418A5E541001C8901 /* GoogleMaps.framework in Frameworks */,
				9F79354818A5E322001C8901 /* Foundation.framework in Frameworks */,
			);
			runOnlyForDeploymentPostprocessing = 0;
		};
/* End PBXFrameworksBuildPhase section */

/* Begin PBXGroup section */
		9F79353B18A5E322001C8901 = {
			isa = PBXGroup;
			children = (
				9F79354D18A5E322001C8901 /* Stone */,
				9F79354618A5E322001C8901 /* Frameworks */,
				9F79354518A5E322001C8901 /* Products */,
			);
			sourceTree = "<group>";
		};
		9F79354518A5E322001C8901 /* Products */ = {
			isa = PBXGroup;
			children = (
				9F79354418A5E322001C8901 /* Stone.app */,
			);
			name = Products;
			sourceTree = "<group>";
		};
		9F79354618A5E322001C8901 /* Frameworks */ = {
			isa = PBXGroup;
			children = (
				9F79359D18A5E63F001C8901 /* SystemConfiguration.framework */,
				9F79359B18A5E635001C8901 /* QuartzCore.framework */,
				9F79359918A5E630001C8901 /* OpenGLES.framework */,
				9F79359718A5E62A001C8901 /* libz.dylib */,
				9F79359518A5E624001C8901 /* libicucore.dylib */,
				9F79359318A5E61E001C8901 /* libc++.dylib */,
				9F79359118A5E619001C8901 /* ImageIO.framework */,
				9F79358F18A5E610001C8901 /* GLKit.framework */,
				9F79358D18A5E60A001C8901 /* CoreText.framework */,
				9F79358B18A5E604001C8901 /* CoreLocation.framework */,
				9F79358918A5E5FE001C8901 /* CoreData.framework */,
				9F79358718A5E5F7001C8901 /* AVFoundation.framework */,
				9F79358518A5E57C001C8901 /* GoogleMaps.bundle */,
				9F79358318A5E541001C8901 /* GoogleMaps.framework */,
				9F79354718A5E322001C8901 /* Foundation.framework */,
				9F79354918A5E322001C8901 /* CoreGraphics.framework */,
				9F79354B18A5E322001C8901 /* UIKit.framework */,
				9F79356618A5E322001C8901 /* XCTest.framework */,
			);
			name = Frameworks;
			sourceTree = "<group>";
		};
		9F79354D18A5E322001C8901 /* Stone */ = {
			isa = PBXGroup;
			children = (
				9F79354E18A5E322001C8901 /* Supporting Files */,
				9F79355618A5E322001C8901 /* AppDelegate.h */,
				9F79355718A5E322001C8901 /* AppDelegate.m */,
				9F79355C18A5E322001C8901 /* ViewController.h */,
				9F79355D18A5E322001C8901 /* ViewController.m */,
				9F79355F18A5E322001C8901 /* Images.xcassets */,
				9F79357C18A5E46E001C8901 /* MainView.h */,
				9F79357D18A5E46E001C8901 /* MainView.m */,
			);
			path = Stone;
			sourceTree = "<group>";
		};
		9F79354E18A5E322001C8901 /* Supporting Files */ = {
			isa = PBXGroup;
			children = (
				9F79354F18A5E322001C8901 /* Stone-Info.plist */,
				9F79355018A5E322001C8901 /* InfoPlist.strings */,
				9F79355318A5E322001C8901 /* main.m */,
				9F79355518A5E322001C8901 /* Stone-Prefix.pch */,
			);
			name = "Supporting Files";
			sourceTree = "<group>";
		};
/* End PBXGroup section */

/* Begin PBXNativeTarget section */
		9F79354318A5E322001C8901 /* Stone */ = {
			isa = PBXNativeTarget;
			buildConfigurationList = 9F79357618A5E322001C8901 /* Build configuration list for PBXNativeTarget "Stone" */;
			buildPhases = (
				9F79354018A5E322001C8901 /* Sources */,
				9F79354118A5E322001C8901 /* Frameworks */,
				9F79354218A5E322001C8901 /* Resources */,
			);
			buildRules = (
			);
			dependencies = (
			);
			name = Stone;
			productName = Stone;
			productReference = 9F79354418A5E322001C8901 /* Stone.app */;
			productType = "com.apple.product-type.application";
		};
/* End PBXNativeTarget section */

/* Begin PBXProject section */
		9F79353C18A5E322001C8901 /* Project object */ = {
			isa = PBXProject;
			attributes = {
				LastUpgradeCheck = 0500;
				ORGANIZATIONNAME = "Kenneth Siu";
			};
			buildConfigurationList = 9F79353F18A5E322001C8901 /* Build configuration list for PBXProject "Stone" */;
			compatibilityVersion = "Xcode 3.2";
			developmentRegion = English;
			hasScannedForEncodings = 0;
			knownRegions = (
				en,
				Base,
			);
			mainGroup = 9F79353B18A5E322001C8901;
			productRefGroup = 9F79354518A5E322001C8901 /* Products */;
			projectDirPath = "";
			projectRoot = "";
			targets = (
				9F79354318A5E322001C8901 /* Stone */,
			);
		};
/* End PBXProject section */

/* Begin PBXResourcesBuildPhase section */
		9F79354218A5E322001C8901 /* Resources */ = {
			isa = PBXResourcesBuildPhase;
			buildActionMask = 2147483647;
			files = (
				9F79358618A5E57C001C8901 /* GoogleMaps.bundle in Resources */,
				9F79356018A5E322001C8901 /* Images.xcassets in Resources */,
				9F79355218A5E322001C8901 /* InfoPlist.strings in Resources */,
			);
			runOnlyForDeploymentPostprocessing = 0;
		};
/* End PBXResourcesBuildPhase section */

/* Begin PBXSourcesBuildPhase section */
		9F79354018A5E322001C8901 /* Sources */ = {
			isa = PBXSourcesBuildPhase;
			buildActionMask = 2147483647;
			files = (
				9F79355E18A5E322001C8901 /* ViewController.m in Sources */,
				9F79357E18A5E46E001C8901 /* MainView.m in Sources */,
				9F79355818A5E322001C8901 /* AppDelegate.m in Sources */,
				9F79355418A5E322001C8901 /* main.m in Sources */,
			);
			runOnlyForDeploymentPostprocessing = 0;
		};
/* End PBXSourcesBuildPhase section */

/* Begin PBXVariantGroup section */
		9F79355018A5E322001C8901 /* InfoPlist.strings */ = {
			isa = PBXVariantGroup;
			children = (
				9F79355118A5E322001C8901 /* en */,
			);
			name = InfoPlist.strings;
			sourceTree = "<group>";
		};
/* End PBXVariantGroup section */

/* Begin XCBuildConfiguration section */
		9F79357418A5E322001C8901 /* Debug */ = {
			isa = XCBuildConfiguration;
			buildSettings = {
				ALWAYS_SEARCH_USER_PATHS = NO;
				ARCHS = "$(ARCHS_STANDARD_INCLUDING_64_BIT)";
				CLANG_CXX_LANGUAGE_STANDARD = "gnu++0x";
				CLANG_CXX_LIBRARY = "libc++";
				CLANG_ENABLE_MODULES = YES;
				CLANG_ENABLE_OBJC_ARC = YES;
				CLANG_WARN_BOOL_CONVERSION = YES;
				CLANG_WARN_CONSTANT_CONVERSION = YES;
				CLANG_WARN_DIRECT_OBJC_ISA_USAGE = YES_ERROR;
				CLANG_WARN_EMPTY_BODY = YES;
				CLANG_WARN_ENUM_CONVERSION = YES;
				CLANG_WARN_INT_CONVERSION = YES;
				CLANG_WARN_OBJC_ROOT_CLASS = YES_ERROR;
				CLANG_WARN__DUPLICATE_METHOD_MATCH = YES;
				"CODE_SIGN_IDENTITY[sdk=iphoneos*]" = "iPhone Developer";
				COPY_PHASE_STRIP = NO;
				GCC_C_LANGUAGE_STANDARD = gnu99;
				GCC_DYNAMIC_NO_PIC = NO;
				GCC_OPTIMIZATION_LEVEL = 0;
				GCC_PREPROCESSOR_DEFINITIONS = (
					"DEBUG=1",
					"$(inherited)",
				);
				GCC_SYMBOLS_PRIVATE_EXTERN = NO;
				GCC_WARN_64_TO_32_BIT_CONVERSION = YES;
				GCC_WARN_ABOUT_RETURN_TYPE = YES_ERROR;
				GCC_WARN_UNDECLARED_SELECTOR = YES;
				GCC_WARN_UNINITIALIZED_AUTOS = YES;
				GCC_WARN_UNUSED_FUNCTION = YES;
				GCC_WARN_UNUSED_VARIABLE = YES;
				IPHONEOS_DEPLOYMENT_TARGET = 7.0;
				ONLY_ACTIVE_ARCH = YES;
				SDKROOT = iphoneos;
			};
			name = Debug;
		};
		9F79357518A5E322001C8901 /* Release */ = {
			isa = XCBuildConfiguration;
			buildSettings = {
				ALWAYS_SEARCH_USER_PATHS = NO;
				ARCHS = "$(ARCHS_STANDARD_INCLUDING_64_BIT)";
				CLANG_CXX_LANGUAGE_STANDARD = "gnu++0x";
				CLANG_CXX_LIBRARY = "libc++";
				CLANG_ENABLE_MODULES = YES;
				CLANG_ENABLE_OBJC_ARC = YES;
				CLANG_WARN_BOOL_CONVERSION = YES;
				CLANG_WARN_CONSTANT_CONVERSION = YES;
				CLANG_WARN_DIRECT_OBJC_ISA_USAGE = YES_ERROR;
				CLANG_WARN_EMPTY_BODY = YES;
				CLANG_WARN_ENUM_CONVERSION = YES;
				CLANG_WARN_INT_CONVERSION = YES;
				CLANG_WARN_OBJC_ROOT_CLASS = YES_ERROR;
				CLANG_WARN__DUPLICATE_METHOD_MATCH = YES;
				"CODE_SIGN_IDENTITY[sdk=iphoneos*]" = "iPhone Developer";
				COPY_PHASE_STRIP = YES;
				ENABLE_NS_ASSERTIONS = NO;
				GCC_C_LANGUAGE_STANDARD = gnu99;
				GCC_WARN_64_TO_32_BIT_CONVERSION = YES;
				GCC_WARN_ABOUT_RETURN_TYPE = YES_ERROR;
				GCC_WARN_UNDECLARED_SELECTOR = YES;
				GCC_WARN_UNINITIALIZED_AUTOS = YES;
				GCC_WARN_UNUSED_FUNCTION = YES;
				GCC_WARN_UNUSED_VARIABLE = YES;
				IPHONEOS_DEPLOYMENT_TARGET = 7.0;
				SDKROOT = iphoneos;
				VALIDATE_PRODUCT = YES;
			};
			name = Release;
		};
		9F79357718A5E322001C8901 /* Debug */ = {
			isa = XCBuildConfiguration;
			buildSettings = {
				ASSETCATALOG_COMPILER_APPICON_NAME = AppIcon;
				ASSETCATALOG_COMPILER_LAUNCHIMAGE_NAME = LaunchImage;
				FRAMEWORK_SEARCH_PATHS = (
					"$(inherited)",
					"/Users/Kenneth/Documents/Workspace/Stone/Stone/GoogleMaps-iOS-1.7.0",
					/Users/Kenneth/Documents/Workspace/Stone/Stone,
				);
				GCC_PRECOMPILE_PREFIX_HEADER = YES;
				GCC_PREFIX_HEADER = "Stone/Stone-Prefix.pch";
				INFOPLIST_FILE = "Stone/Stone-Info.plist";
				OTHER_LDFLAGS = "-ObjC";
				PRODUCT_NAME = "$(TARGET_NAME)";
				WRAPPER_EXTENSION = app;
			};
			name = Debug;
		};
		9F79357818A5E322001C8901 /* Release */ = {
			isa = XCBuildConfiguration;
			buildSettings = {
				ASSETCATALOG_COMPILER_APPICON_NAME = AppIcon;
				ASSETCATALOG_COMPILER_LAUNCHIMAGE_NAME = LaunchImage;
				FRAMEWORK_SEARCH_PATHS = (
					"$(inherited)",
					"/Users/Kenneth/Documents/Workspace/Stone/Stone/GoogleMaps-iOS-1.7.0",
					/Users/Kenneth/Documents/Workspace/Stone/Stone,
				);
				GCC_PRECOMPILE_PREFIX_HEADER = YES;
				GCC_PREFIX_HEADER = "Stone/Stone-Prefix.pch";
				INFOPLIST_FILE = "Stone/Stone-Info.plist";
				OTHER_LDFLAGS = "-ObjC";
				PRODUCT_NAME = "$(TARGET_NAME)";
				WRAPPER_EXTENSION = app;
			};
			name = Release;
		};
/* End XCBuildConfiguration section */

/* Begin XCConfigurationList section */
		9F79353F18A5E322001C8901 /* Build configuration list for PBXProject "Stone" */ = {
			isa = XCConfigurationList;
			buildConfigurations = (
				9F79357418A5E322001C8901 /* Debug */,
				9F79357518A5E322001C8901 /* Release */,
			);
			defaultConfigurationIsVisible = 0;
			defaultConfigurationName = Release;
		};
		9F79357618A5E322001C8901 /* Build configuration list for PBXNativeTarget "Stone" */ = {
			isa = XCConfigurationList;
			buildConfigurations = (
				9F79357718A5E322001C8901 /* Debug */,
				9F79357818A5E322001C8901 /* Release */,
			);
			defaultConfigurationIsVisible = 0;
		};
/* End XCConfigurationList section */
	};
	rootObject = 9F79353C18A5E322001C8901 /* Project object */;
}
